// !$*UTF8*$!
{
	archiveVersion = 1;
	classes = {
	};
	objectVersion = 46;
	objects = {

/* Begin PBXBuildFile section */
		5216628B41DD524F23E80B01 /* Pods_UsabillaDashboardTests.framework in Frameworks */ = {isa = PBXBuildFile; fileRef = 49CFD4AD886F8657A24E58C1 /* Pods_UsabillaDashboardTests.framework */; };
		CD7E7D941DE07BDD00A76692 /* main.m in Sources */ = {isa = PBXBuildFile; fileRef = CD7E7D931DE07BDD00A76692 /* main.m */; };
		CD7E7D971DE07BDD00A76692 /* AppDelegate.m in Sources */ = {isa = PBXBuildFile; fileRef = CD7E7D961DE07BDD00A76692 /* AppDelegate.m */; };
		CD7E7D9F1DE07BDD00A76692 /* Assets.xcassets in Resources */ = {isa = PBXBuildFile; fileRef = CD7E7D9E1DE07BDD00A76692 /* Assets.xcassets */; };
		CD7E7DA21DE07BDD00A76692 /* LaunchScreen.storyboard in Resources */ = {isa = PBXBuildFile; fileRef = CD7E7DA01DE07BDD00A76692 /* LaunchScreen.storyboard */; };
		CD7E7DAD1DE07BDD00A76692 /* UsabillaDashboardTests.m in Sources */ = {isa = PBXBuildFile; fileRef = CD7E7DAC1DE07BDD00A76692 /* UsabillaDashboardTests.m */; };
		CD7E7DBF1DE07FD800A76692 /* Main.storyboard in Resources */ = {isa = PBXBuildFile; fileRef = CD7E7DBC1DE07FD800A76692 /* Main.storyboard */; };
		CD7E7DC61DE080E200A76692 /* NSURLSession+RAC.m in Sources */ = {isa = PBXBuildFile; fileRef = CD7E7DC51DE080E200A76692 /* NSURLSession+RAC.m */; };
		CD7E7DC91DE0813100A76692 /* FeedbackStore.m in Sources */ = {isa = PBXBuildFile; fileRef = CD7E7DC81DE0813100A76692 /* FeedbackStore.m */; };
		CD7E7DCC1DE081B300A76692 /* Feedback.m in Sources */ = {isa = PBXBuildFile; fileRef = CD7E7DCB1DE081B300A76692 /* Feedback.m */; };
		CD7E7DCF1DE084F500A76692 /* DashboardViewController.m in Sources */ = {isa = PBXBuildFile; fileRef = CD7E7DCE1DE084F500A76692 /* DashboardViewController.m */; };
		D1C56D0B632DDDBB54CD5621 /* Pods_UsabillaDashboard.framework in Frameworks */ = {isa = PBXBuildFile; fileRef = 0D6CB51C636752DABAF1A9EE /* Pods_UsabillaDashboard.framework */; };
/* End PBXBuildFile section */

/* Begin PBXContainerItemProxy section */
		CD7E7DA91DE07BDD00A76692 /* PBXContainerItemProxy */ = {
			isa = PBXContainerItemProxy;
			containerPortal = CD7E7D871DE07BDD00A76692 /* Project object */;
			proxyType = 1;
			remoteGlobalIDString = CD7E7D8E1DE07BDD00A76692;
			remoteInfo = UsabillaDashboard;
		};
/* End PBXContainerItemProxy section */

/* Begin PBXFileReference section */
		025994644A547389962A6BBB /* Pods-UsabillaDashboard.release.xcconfig */ = {isa = PBXFileReference; includeInIndex = 1; lastKnownFileType = text.xcconfig; name = "Pods-UsabillaDashboard.release.xcconfig"; path = "Pods/Target Support Files/Pods-UsabillaDashboard/Pods-UsabillaDashboard.release.xcconfig"; sourceTree = "<group>"; };
		0D6CB51C636752DABAF1A9EE /* Pods_UsabillaDashboard.framework */ = {isa = PBXFileReference; explicitFileType = wrapper.framework; includeInIndex = 0; path = Pods_UsabillaDashboard.framework; sourceTree = BUILT_PRODUCTS_DIR; };
		49CFD4AD886F8657A24E58C1 /* Pods_UsabillaDashboardTests.framework */ = {isa = PBXFileReference; explicitFileType = wrapper.framework; includeInIndex = 0; path = Pods_UsabillaDashboardTests.framework; sourceTree = BUILT_PRODUCTS_DIR; };
		6BBDE32D71AA5EFEBAFB0838 /* Pods-UsabillaDashboard.debug.xcconfig */ = {isa = PBXFileReference; includeInIndex = 1; lastKnownFileType = text.xcconfig; name = "Pods-UsabillaDashboard.debug.xcconfig"; path = "Pods/Target Support Files/Pods-UsabillaDashboard/Pods-UsabillaDashboard.debug.xcconfig"; sourceTree = "<group>"; };
		A5BD49D0C68D0DE9DDA4D7A4 /* Pods-UsabillaDashboardTests.debug.xcconfig */ = {isa = PBXFileReference; includeInIndex = 1; lastKnownFileType = text.xcconfig; name = "Pods-UsabillaDashboardTests.debug.xcconfig"; path = "Pods/Target Support Files/Pods-UsabillaDashboardTests/Pods-UsabillaDashboardTests.debug.xcconfig"; sourceTree = "<group>"; };
		CB2E25DAC10BA7C527B88C9B /* Pods-UsabillaDashboardTests.release.xcconfig */ = {isa = PBXFileReference; includeInIndex = 1; lastKnownFileType = text.xcconfig; name = "Pods-UsabillaDashboardTests.release.xcconfig"; path = "Pods/Target Support Files/Pods-UsabillaDashboardTests/Pods-UsabillaDashboardTests.release.xcconfig"; sourceTree = "<group>"; };
		CD7E7D8F1DE07BDD00A76692 /* UsabillaDashboard.app */ = {isa = PBXFileReference; explicitFileType = wrapper.application; includeInIndex = 0; path = UsabillaDashboard.app; sourceTree = BUILT_PRODUCTS_DIR; };
		CD7E7D931DE07BDD00A76692 /* main.m */ = {isa = PBXFileReference; lastKnownFileType = sourcecode.c.objc; path = main.m; sourceTree = "<group>"; };
		CD7E7D951DE07BDD00A76692 /* AppDelegate.h */ = {isa = PBXFileReference; lastKnownFileType = sourcecode.c.h; path = AppDelegate.h; sourceTree = "<group>"; };
		CD7E7D961DE07BDD00A76692 /* AppDelegate.m */ = {isa = PBXFileReference; lastKnownFileType = sourcecode.c.objc; path = AppDelegate.m; sourceTree = "<group>"; };
		CD7E7D9E1DE07BDD00A76692 /* Assets.xcassets */ = {isa = PBXFileReference; lastKnownFileType = folder.assetcatalog; path = Assets.xcassets; sourceTree = "<group>"; };
		CD7E7DA11DE07BDD00A76692 /* Base */ = {isa = PBXFileReference; lastKnownFileType = file.storyboard; name = Base; path = Base.lproj/LaunchScreen.storyboard; sourceTree = "<group>"; };
		CD7E7DA31DE07BDD00A76692 /* Info.plist */ = {isa = PBXFileReference; lastKnownFileType = text.plist.xml; path = Info.plist; sourceTree = "<group>"; };
		CD7E7DA81DE07BDD00A76692 /* UsabillaDashboardTests.xctest */ = {isa = PBXFileReference; explicitFileType = wrapper.cfbundle; includeInIndex = 0; path = UsabillaDashboardTests.xctest; sourceTree = BUILT_PRODUCTS_DIR; };
		CD7E7DAC1DE07BDD00A76692 /* UsabillaDashboardTests.m */ = {isa = PBXFileReference; lastKnownFileType = sourcecode.c.objc; path = UsabillaDashboardTests.m; sourceTree = "<group>"; };
		CD7E7DAE1DE07BDD00A76692 /* Info.plist */ = {isa = PBXFileReference; lastKnownFileType = text.plist.xml; path = Info.plist; sourceTree = "<group>"; };
		CD7E7DBC1DE07FD800A76692 /* Main.storyboard */ = {isa = PBXFileReference; fileEncoding = 4; lastKnownFileType = file.storyboard; path = Main.storyboard; sourceTree = "<group>"; };
		CD7E7DC41DE080E200A76692 /* NSURLSession+RAC.h */ = {isa = PBXFileReference; fileEncoding = 4; lastKnownFileType = sourcecode.c.h; path = "NSURLSession+RAC.h"; sourceTree = "<group>"; };
		CD7E7DC51DE080E200A76692 /* NSURLSession+RAC.m */ = {isa = PBXFileReference; fileEncoding = 4; lastKnownFileType = sourcecode.c.objc; path = "NSURLSession+RAC.m"; sourceTree = "<group>"; };
		CD7E7DC71DE0813100A76692 /* FeedbackStore.h */ = {isa = PBXFileReference; fileEncoding = 4; lastKnownFileType = sourcecode.c.h; path = FeedbackStore.h; sourceTree = "<group>"; };
		CD7E7DC81DE0813100A76692 /* FeedbackStore.m */ = {isa = PBXFileReference; fileEncoding = 4; lastKnownFileType = sourcecode.c.objc; path = FeedbackStore.m; sourceTree = "<group>"; };
		CD7E7DCA1DE081B300A76692 /* Feedback.h */ = {isa = PBXFileReference; fileEncoding = 4; lastKnownFileType = sourcecode.c.h; path = Feedback.h; sourceTree = "<group>"; };
		CD7E7DCB1DE081B300A76692 /* Feedback.m */ = {isa = PBXFileReference; fileEncoding = 4; lastKnownFileType = sourcecode.c.objc; path = Feedback.m; sourceTree = "<group>"; };
		CD7E7DCD1DE084F500A76692 /* DashboardViewController.h */ = {isa = PBXFileReference; fileEncoding = 4; lastKnownFileType = sourcecode.c.h; path = DashboardViewController.h; sourceTree = "<group>"; };
		CD7E7DCE1DE084F500A76692 /* DashboardViewController.m */ = {isa = PBXFileReference; fileEncoding = 4; lastKnownFileType = sourcecode.c.objc; path = DashboardViewController.m; sourceTree = "<group>"; };
/* End PBXFileReference section */

/* Begin PBXFrameworksBuildPhase section */
		CD7E7D8C1DE07BDD00A76692 /* Frameworks */ = {
			isa = PBXFrameworksBuildPhase;
			buildActionMask = 2147483647;
			files = (
				D1C56D0B632DDDBB54CD5621 /* Pods_UsabillaDashboard.framework in Frameworks */,
			);
			runOnlyForDeploymentPostprocessing = 0;
		};
		CD7E7DA51DE07BDD00A76692 /* Frameworks */ = {
			isa = PBXFrameworksBuildPhase;
			buildActionMask = 2147483647;
			files = (
				5216628B41DD524F23E80B01 /* Pods_UsabillaDashboardTests.framework in Frameworks */,
			);
			runOnlyForDeploymentPostprocessing = 0;
		};
/* End PBXFrameworksBuildPhase section */

/* Begin PBXGroup section */
		0E3F32B104F9447CCF8269EF /* Frameworks */ = {
			isa = PBXGroup;
			children = (
				0D6CB51C636752DABAF1A9EE /* Pods_UsabillaDashboard.framework */,
				49CFD4AD886F8657A24E58C1 /* Pods_UsabillaDashboardTests.framework */,
			);
			name = Frameworks;
			sourceTree = "<group>";
		};
		48EC481F8429C52A6A77640A /* Pods */ = {
			isa = PBXGroup;
			children = (
				6BBDE32D71AA5EFEBAFB0838 /* Pods-UsabillaDashboard.debug.xcconfig */,
				025994644A547389962A6BBB /* Pods-UsabillaDashboard.release.xcconfig */,
				A5BD49D0C68D0DE9DDA4D7A4 /* Pods-UsabillaDashboardTests.debug.xcconfig */,
				CB2E25DAC10BA7C527B88C9B /* Pods-UsabillaDashboardTests.release.xcconfig */,
			);
			name = Pods;
			sourceTree = "<group>";
		};
		CD7E7D861DE07BDD00A76692 = {
			isa = PBXGroup;
			children = (
				CD7E7D911DE07BDD00A76692 /* UsabillaDashboard */,
				CD7E7DAB1DE07BDD00A76692 /* UsabillaDashboardTests */,
				CD7E7D901DE07BDD00A76692 /* Products */,
				48EC481F8429C52A6A77640A /* Pods */,
				0E3F32B104F9447CCF8269EF /* Frameworks */,
			);
			sourceTree = "<group>";
		};
		CD7E7D901DE07BDD00A76692 /* Products */ = {
			isa = PBXGroup;
			children = (
				CD7E7D8F1DE07BDD00A76692 /* UsabillaDashboard.app */,
				CD7E7DA81DE07BDD00A76692 /* UsabillaDashboardTests.xctest */,
			);
			name = Products;
			sourceTree = "<group>";
		};
		CD7E7D911DE07BDD00A76692 /* UsabillaDashboard */ = {
			isa = PBXGroup;
			children = (
				CD7E7D951DE07BDD00A76692 /* AppDelegate.h */,
				CD7E7D961DE07BDD00A76692 /* AppDelegate.m */,
				CD7E7DB71DE07EA900A76692 /* Views */,
				CD7E7DC31DE0804100A76692 /* Models */,
				CD7E7DC11DE0801400A76692 /* ViewModels */,
				CD7E7DC21DE0802C00A76692 /* Stores */,
				CD7E7DC01DE07FE500A76692 /* Networking */,
				CD7E7D9E1DE07BDD00A76692 /* Assets.xcassets */,
				CD7E7DA01DE07BDD00A76692 /* LaunchScreen.storyboard */,
				CD7E7DA31DE07BDD00A76692 /* Info.plist */,
				CD7E7D921DE07BDD00A76692 /* Supporting Files */,
			);
			path = UsabillaDashboard;
			sourceTree = "<group>";
		};
		CD7E7D921DE07BDD00A76692 /* Supporting Files */ = {
			isa = PBXGroup;
			children = (
				CD7E7D931DE07BDD00A76692 /* main.m */,
			);
			name = "Supporting Files";
			sourceTree = "<group>";
		};
		CD7E7DAB1DE07BDD00A76692 /* UsabillaDashboardTests */ = {
			isa = PBXGroup;
			children = (
				CD7E7DAC1DE07BDD00A76692 /* UsabillaDashboardTests.m */,
				CD7E7DAE1DE07BDD00A76692 /* Info.plist */,
			);
			path = UsabillaDashboardTests;
			sourceTree = "<group>";
		};
		CD7E7DB71DE07EA900A76692 /* Views */ = {
			isa = PBXGroup;
			children = (
				CD7E7DBC1DE07FD800A76692 /* Main.storyboard */,
				CD7E7DCD1DE084F500A76692 /* DashboardViewController.h */,
				CD7E7DCE1DE084F500A76692 /* DashboardViewController.m */,
			);
			path = Views;
			sourceTree = "<group>";
		};
		CD7E7DC01DE07FE500A76692 /* Networking */ = {
			isa = PBXGroup;
			children = (
				CD7E7DC41DE080E200A76692 /* NSURLSession+RAC.h */,
				CD7E7DC51DE080E200A76692 /* NSURLSession+RAC.m */,
			);
			path = Networking;
			sourceTree = "<group>";
		};
		CD7E7DC11DE0801400A76692 /* ViewModels */ = {
			isa = PBXGroup;
			children = (
			);
			path = ViewModels;
			sourceTree = "<group>";
		};
		CD7E7DC21DE0802C00A76692 /* Stores */ = {
			isa = PBXGroup;
			children = (
				CD7E7DC71DE0813100A76692 /* FeedbackStore.h */,
				CD7E7DC81DE0813100A76692 /* FeedbackStore.m */,
			);
			path = Stores;
			sourceTree = "<group>";
		};
		CD7E7DC31DE0804100A76692 /* Models */ = {
			isa = PBXGroup;
			children = (
				CD7E7DCA1DE081B300A76692 /* Feedback.h */,
				CD7E7DCB1DE081B300A76692 /* Feedback.m */,
			);
			path = Models;
			sourceTree = "<group>";
		};
/* End PBXGroup section */

/* Begin PBXNativeTarget section */
		CD7E7D8E1DE07BDD00A76692 /* UsabillaDashboard */ = {
			isa = PBXNativeTarget;
			buildConfigurationList = CD7E7DB11DE07BDD00A76692 /* Build configuration list for PBXNativeTarget "UsabillaDashboard" */;
			buildPhases = (
				13EDE1EB8ED1F1260CE8619D /* [CP] Check Pods Manifest.lock */,
				CD7E7D8B1DE07BDD00A76692 /* Sources */,
				CD7E7D8C1DE07BDD00A76692 /* Frameworks */,
				CD7E7D8D1DE07BDD00A76692 /* Resources */,
				DF176FB0E55FA9A58CC66B18 /* [CP] Embed Pods Frameworks */,
				FDEC0B265534D6C5B2FA8FD9 /* [CP] Copy Pods Resources */,
			);
			buildRules = (
			);
			dependencies = (
			);
			name = UsabillaDashboard;
			productName = UsabillaDashboard;
			productReference = CD7E7D8F1DE07BDD00A76692 /* UsabillaDashboard.app */;
			productType = "com.apple.product-type.application";
		};
		CD7E7DA71DE07BDD00A76692 /* UsabillaDashboardTests */ = {
			isa = PBXNativeTarget;
			buildConfigurationList = CD7E7DB41DE07BDD00A76692 /* Build configuration list for PBXNativeTarget "UsabillaDashboardTests" */;
			buildPhases = (
				7F6FA2F07B2F81A0341E2E3F /* [CP] Check Pods Manifest.lock */,
				CD7E7DA41DE07BDD00A76692 /* Sources */,
				CD7E7DA51DE07BDD00A76692 /* Frameworks */,
				CD7E7DA61DE07BDD00A76692 /* Resources */,
				3D93F59D2EEF5AA1C26002A8 /* [CP] Embed Pods Frameworks */,
				73E23392B052D6FCBA46F06A /* [CP] Copy Pods Resources */,
			);
			buildRules = (
			);
			dependencies = (
				CD7E7DAA1DE07BDD00A76692 /* PBXTargetDependency */,
			);
			name = UsabillaDashboardTests;
			productName = UsabillaDashboardTests;
			productReference = CD7E7DA81DE07BDD00A76692 /* UsabillaDashboardTests.xctest */;
			productType = "com.apple.product-type.bundle.unit-test";
		};
/* End PBXNativeTarget section */

/* Begin PBXProject section */
		CD7E7D871DE07BDD00A76692 /* Project object */ = {
			isa = PBXProject;
			attributes = {
				LastUpgradeCheck = 0800;
				ORGANIZATIONNAME = "Adil Bougamza";
				TargetAttributes = {
					CD7E7D8E1DE07BDD00A76692 = {
						CreatedOnToolsVersion = 8.0;
						DevelopmentTeam = 2XDF7R5YQ3;
						ProvisioningStyle = Automatic;
					};
					CD7E7DA71DE07BDD00A76692 = {
						CreatedOnToolsVersion = 8.0;
						DevelopmentTeam = 2XDF7R5YQ3;
						ProvisioningStyle = Automatic;
						TestTargetID = CD7E7D8E1DE07BDD00A76692;
					};
				};
			};
			buildConfigurationList = CD7E7D8A1DE07BDD00A76692 /* Build configuration list for PBXProject "UsabillaDashboard" */;
			compatibilityVersion = "Xcode 3.2";
			developmentRegion = English;
			hasScannedForEncodings = 0;
			knownRegions = (
				en,
				Base,
			);
			mainGroup = CD7E7D861DE07BDD00A76692;
			productRefGroup = CD7E7D901DE07BDD00A76692 /* Products */;
			projectDirPath = "";
			projectRoot = "";
			targets = (
				CD7E7D8E1DE07BDD00A76692 /* UsabillaDashboard */,
				CD7E7DA71DE07BDD00A76692 /* UsabillaDashboardTests */,
			);
		};
/* End PBXProject section */

/* Begin PBXResourcesBuildPhase section */
		CD7E7D8D1DE07BDD00A76692 /* Resources */ = {
			isa = PBXResourcesBuildPhase;
			buildActionMask = 2147483647;
			files = (
				CD7E7DBF1DE07FD800A76692 /* Main.storyboard in Resources */,
				CD7E7DA21DE07BDD00A76692 /* LaunchScreen.storyboard in Resources */,
				CD7E7D9F1DE07BDD00A76692 /* Assets.xcassets in Resources */,
			);
			runOnlyForDeploymentPostprocessing = 0;
		};
		CD7E7DA61DE07BDD00A76692 /* Resources */ = {
			isa = PBXResourcesBuildPhase;
			buildActionMask = 2147483647;
			files = (
			);
			runOnlyForDeploymentPostprocessing = 0;
		};
/* End PBXResourcesBuildPhase section */

/* Begin PBXShellScriptBuildPhase section */
		13EDE1EB8ED1F1260CE8619D /* [CP] Check Pods Manifest.lock */ = {
			isa = PBXShellScriptBuildPhase;
			buildActionMask = 2147483647;
			files = (
			);
			inputPaths = (
			);
			name = "[CP] Check Pods Manifest.lock";
			outputPaths = (
			);
			runOnlyForDeploymentPostprocessing = 0;
			shellPath = /bin/sh;
			shellScript = "diff \"${PODS_ROOT}/../Podfile.lock\" \"${PODS_ROOT}/Manifest.lock\" > /dev/null\nif [ $? != 0 ] ; then\n    # print error to STDERR\n    echo \"error: The sandbox is not in sync with the Podfile.lock. Run 'pod install' or update your CocoaPods installation.\" >&2\n    exit 1\nfi\n";
			showEnvVarsInLog = 0;
		};
		3D93F59D2EEF5AA1C26002A8 /* [CP] Embed Pods Frameworks */ = {
			isa = PBXShellScriptBuildPhase;
			buildActionMask = 2147483647;
			files = (
			);
			inputPaths = (
			);
			name = "[CP] Embed Pods Frameworks";
			outputPaths = (
			);
			runOnlyForDeploymentPostprocessing = 0;
			shellPath = /bin/sh;
			shellScript = "\"${SRCROOT}/Pods/Target Support Files/Pods-UsabillaDashboardTests/Pods-UsabillaDashboardTests-frameworks.sh\"\n";
			showEnvVarsInLog = 0;
		};
		73E23392B052D6FCBA46F06A /* [CP] Copy Pods Resources */ = {
			isa = PBXShellScriptBuildPhase;
			buildActionMask = 2147483647;
			files = (
			);
			inputPaths = (
			);
			name = "[CP] Copy Pods Resources";
			outputPaths = (
			);
			runOnlyForDeploymentPostprocessing = 0;
			shellPath = /bin/sh;
			shellScript = "\"${SRCROOT}/Pods/Target Support Files/Pods-UsabillaDashboardTests/Pods-UsabillaDashboardTests-resources.sh\"\n";
			showEnvVarsInLog = 0;
		};
		7F6FA2F07B2F81A0341E2E3F /* [CP] Check Pods Manifest.lock */ = {
			isa = PBXShellScriptBuildPhase;
			buildActionMask = 2147483647;
			files = (
			);
			inputPaths = (
			);
			name = "[CP] Check Pods Manifest.lock";
			outputPaths = (
			);
			runOnlyForDeploymentPostprocessing = 0;
			shellPath = /bin/sh;
			shellScript = "diff \"${PODS_ROOT}/../Podfile.lock\" \"${PODS_ROOT}/Manifest.lock\" > /dev/null\nif [ $? != 0 ] ; then\n    # print error to STDERR\n    echo \"error: The sandbox is not in sync with the Podfile.lock. Run 'pod install' or update your CocoaPods installation.\" >&2\n    exit 1\nfi\n";
			showEnvVarsInLog = 0;
		};
		DF176FB0E55FA9A58CC66B18 /* [CP] Embed Pods Frameworks */ = {
			isa = PBXShellScriptBuildPhase;
			buildActionMask = 2147483647;
			files = (
			);
			inputPaths = (
			);
			name = "[CP] Embed Pods Frameworks";
			outputPaths = (
			);
			runOnlyForDeploymentPostprocessing = 0;
			shellPath = /bin/sh;
			shellScript = "\"${SRCROOT}/Pods/Target Support Files/Pods-UsabillaDashboard/Pods-UsabillaDashboard-frameworks.sh\"\n";
			showEnvVarsInLog = 0;
		};
		FDEC0B265534D6C5B2FA8FD9 /* [CP] Copy Pods Resources */ = {
			isa = PBXShellScriptBuildPhase;
			buildActionMask = 2147483647;
			files = (
			);
			inputPaths = (
			);
			name = "[CP] Copy Pods Resources";
			outputPaths = (
			);
			runOnlyForDeploymentPostprocessing = 0;
			shellPath = /bin/sh;
			shellScript = "\"${SRCROOT}/Pods/Target Support Files/Pods-UsabillaDashboard/Pods-UsabillaDashboard-resources.sh\"\n";
			showEnvVarsInLog = 0;
		};
/* End PBXShellScriptBuildPhase section */

/* Begin PBXSourcesBuildPhase section */
		CD7E7D8B1DE07BDD00A76692 /* Sources */ = {
			isa = PBXSourcesBuildPhase;
			buildActionMask = 2147483647;
			files = (
				CD7E7DCC1DE081B300A76692 /* Feedback.m in Sources */,
				CD7E7DCF1DE084F500A76692 /* DashboardViewController.m in Sources */,
				CD7E7D971DE07BDD00A76692 /* AppDelegate.m in Sources */,
				CD7E7DC91DE0813100A76692 /* FeedbackStore.m in Sources */,
				CD7E7DC61DE080E200A76692 /* NSURLSession+RAC.m in Sources */,
				CD7E7D941DE07BDD00A76692 /* main.m in Sources */,
			);
			runOnlyForDeploymentPostprocessing = 0;
		};
		CD7E7DA41DE07BDD00A76692 /* Sources */ = {
			isa = PBXSourcesBuildPhase;
			buildActionMask = 2147483647;
			files = (
				CD7E7DAD1DE07BDD00A76692 /* UsabillaDashboardTests.m in Sources */,
			);
			runOnlyForDeploymentPostprocessing = 0;
		};
/* End PBXSourcesBuildPhase section */

/* Begin PBXTargetDependency section */
		CD7E7DAA1DE07BDD00A76692 /* PBXTargetDependency */ = {
			isa = PBXTargetDependency;
			target = CD7E7D8E1DE07BDD00A76692 /* UsabillaDashboard */;
			targetProxy = CD7E7DA91DE07BDD00A76692 /* PBXContainerItemProxy */;
		};
/* End PBXTargetDependency section */

/* Begin PBXVariantGroup section */
		CD7E7DA01DE07BDD00A76692 /* LaunchScreen.storyboard */ = {
			isa = PBXVariantGroup;
			children = (
				CD7E7DA11DE07BDD00A76692 /* Base */,
			);
			name = LaunchScreen.storyboard;
			sourceTree = "<group>";
		};
/* End PBXVariantGroup section */

/* Begin XCBuildConfiguration section */
		CD7E7DAF1DE07BDD00A76692 /* Debug */ = {
			isa = XCBuildConfiguration;
			buildSettings = {
				ALWAYS_SEARCH_USER_PATHS = NO;
				CLANG_ANALYZER_NONNULL = YES;
				CLANG_CXX_LANGUAGE_STANDARD = "gnu++0x";
				CLANG_CXX_LIBRARY = "libc++";
				CLANG_ENABLE_MODULES = YES;
				CLANG_ENABLE_OBJC_ARC = YES;
				CLANG_WARN_BOOL_CONVERSION = YES;
				CLANG_WARN_CONSTANT_CONVERSION = YES;
				CLANG_WARN_DIRECT_OBJC_ISA_USAGE = YES_ERROR;
				CLANG_WARN_DOCUMENTATION_COMMENTS = YES;
				CLANG_WARN_EMPTY_BODY = YES;
				CLANG_WARN_ENUM_CONVERSION = YES;
				CLANG_WARN_INFINITE_RECURSION = YES;
				CLANG_WARN_INT_CONVERSION = YES;
				CLANG_WARN_OBJC_ROOT_CLASS = YES_ERROR;
				CLANG_WARN_SUSPICIOUS_MOVES = YES;
				CLANG_WARN_UNREACHABLE_CODE = YES;
				CLANG_WARN__DUPLICATE_METHOD_MATCH = YES;
				"CODE_SIGN_IDENTITY[sdk=iphoneos*]" = "iPhone Developer";
				COPY_PHASE_STRIP = NO;
				DEBUG_INFORMATION_FORMAT = dwarf;
				ENABLE_STRICT_OBJC_MSGSEND = YES;
				ENABLE_TESTABILITY = YES;
				GCC_C_LANGUAGE_STANDARD = gnu99;
				GCC_DYNAMIC_NO_PIC = NO;
				GCC_NO_COMMON_BLOCKS = YES;
				GCC_OPTIMIZATION_LEVEL = 0;
				GCC_PREPROCESSOR_DEFINITIONS = (
					"DEBUG=1",
					"$(inherited)",
				);
				GCC_WARN_64_TO_32_BIT_CONVERSION = YES;
				GCC_WARN_ABOUT_RETURN_TYPE = YES_ERROR;
				GCC_WARN_UNDECLARED_SELECTOR = YES;
				GCC_WARN_UNINITIALIZED_AUTOS = YES_AGGRESSIVE;
				GCC_WARN_UNUSED_FUNCTION = YES;
				GCC_WARN_UNUSED_VARIABLE = YES;
				IPHONEOS_DEPLOYMENT_TARGET = 10.0;
				MTL_ENABLE_DEBUG_INFO = YES;
				ONLY_ACTIVE_ARCH = YES;
				SDKROOT = iphoneos;
				TARGETED_DEVICE_FAMILY = "1,2";
			};
			name = Debug;
		};
		CD7E7DB01DE07BDD00A76692 /* Release */ = {
			isa = XCBuildConfiguration;
			buildSettings = {
				ALWAYS_SEARCH_USER_PATHS = NO;
				CLANG_ANALYZER_NONNULL = YES;
				CLANG_CXX_LANGUAGE_STANDARD = "gnu++0x";
				CLANG_CXX_LIBRARY = "libc++";
				CLANG_ENABLE_MODULES = YES;
				CLANG_ENABLE_OBJC_ARC = YES;
				CLANG_WARN_BOOL_CONVERSION = YES;
				CLANG_WARN_CONSTANT_CONVERSION = YES;
				CLANG_WARN_DIRECT_OBJC_ISA_USAGE = YES_ERROR;
				CLANG_WARN_DOCUMENTATION_COMMENTS = YES;
				CLANG_WARN_EMPTY_BODY = YES;
				CLANG_WARN_ENUM_CONVERSION = YES;
				CLANG_WARN_INFINITE_RECURSION = YES;
				CLANG_WARN_INT_CONVERSION = YES;
				CLANG_WARN_OBJC_ROOT_CLASS = YES_ERROR;
				CLANG_WARN_SUSPICIOUS_MOVES = YES;
				CLANG_WARN_UNREACHABLE_CODE = YES;
				CLANG_WARN__DUPLICATE_METHOD_MATCH = YES;
				"CODE_SIGN_IDENTITY[sdk=iphoneos*]" = "iPhone Developer";
				COPY_PHASE_STRIP = NO;
				DEBUG_INFORMATION_FORMAT = "dwarf-with-dsym";
				ENABLE_NS_ASSERTIONS = NO;
				ENABLE_STRICT_OBJC_MSGSEND = YES;
				GCC_C_LANGUAGE_STANDARD = gnu99;
				GCC_NO_COMMON_BLOCKS = YES;
				GCC_WARN_64_TO_32_BIT_CONVERSION = YES;
				GCC_WARN_ABOUT_RETURN_TYPE = YES_ERROR;
				GCC_WARN_UNDECLARED_SELECTOR = YES;
				GCC_WARN_UNINITIALIZED_AUTOS = YES_AGGRESSIVE;
				GCC_WARN_UNUSED_FUNCTION = YES;
				GCC_WARN_UNUSED_VARIABLE = YES;
				IPHONEOS_DEPLOYMENT_TARGET = 10.0;
				MTL_ENABLE_DEBUG_INFO = NO;
				SDKROOT = iphoneos;
				TARGETED_DEVICE_FAMILY = "1,2";
				VALIDATE_PRODUCT = YES;
			};
			name = Release;
		};
		CD7E7DB21DE07BDD00A76692 /* Debug */ = {
			isa = XCBuildConfiguration;
			baseConfigurationReference = 6BBDE32D71AA5EFEBAFB0838 /* Pods-UsabillaDashboard.debug.xcconfig */;
			buildSettings = {
				ASSETCATALOG_COMPILER_APPICON_NAME = AppIcon;
				DEVELOPMENT_TEAM = 2XDF7R5YQ3;
				INFOPLIST_FILE = UsabillaDashboard/Info.plist;
				IPHONEOS_DEPLOYMENT_TARGET = 9.0;
				LD_RUNPATH_SEARCH_PATHS = "$(inherited) @executable_path/Frameworks";
				PRODUCT_BUNDLE_IDENTIFIER = com.usabilla.dashboard.UsabillaDashboard;
				PRODUCT_NAME = "$(TARGET_NAME)";
			};
			name = Debug;
		};
		CD7E7DB31DE07BDD00A76692 /* Release */ = {
			isa = XCBuildConfiguration;
			baseConfigurationReference = 025994644A547389962A6BBB /* Pods-UsabillaDashboard.release.xcconfig */;
			buildSettings = {
				ASSETCATALOG_COMPILER_APPICON_NAME = AppIcon;
				DEVELOPMENT_TEAM = 2XDF7R5YQ3;
				INFOPLIST_FILE = UsabillaDashboard/Info.plist;
				IPHONEOS_DEPLOYMENT_TARGET = 9.0;
				LD_RUNPATH_SEARCH_PATHS = "$(inherited) @executable_path/Frameworks";
				PRODUCT_BUNDLE_IDENTIFIER = com.usabilla.dashboard.UsabillaDashboard;
				PRODUCT_NAME = "$(TARGET_NAME)";
			};
			name = Release;
		};
		CD7E7DB51DE07BDD00A76692 /* Debug */ = {
			isa = XCBuildConfiguration;
			baseConfigurationReference = A5BD49D0C68D0DE9DDA4D7A4 /* Pods-UsabillaDashboardTests.debug.xcconfig */;
			buildSettings = {
				BUNDLE_LOADER = "$(TEST_HOST)";
				DEVELOPMENT_TEAM = 2XDF7R5YQ3;
				INFOPLIST_FILE = UsabillaDashboardTests/Info.plist;
				LD_RUNPATH_SEARCH_PATHS = "$(inherited) @executable_path/Frameworks @loader_path/Frameworks";
				PRODUCT_BUNDLE_IDENTIFIER = com.usabilla.dashboard.UsabillaDashboardTests;
				PRODUCT_NAME = "$(TARGET_NAME)";
				TEST_HOST = "$(BUILT_PRODUCTS_DIR)/UsabillaDashboard.app/UsabillaDashboard";
			};
			name = Debug;
		};
		CD7E7DB61DE07BDD00A76692 /* Release */ = {
			isa = XCBuildConfiguration;
			baseConfigurationReference = CB2E25DAC10BA7C527B88C9B /* Pods-UsabillaDashboardTests.release.xcconfig */;
			buildSettings = {
				BUNDLE_LOADER = "$(TEST_HOST)";
				DEVELOPMENT_TEAM = 2XDF7R5YQ3;
				INFOPLIST_FILE = UsabillaDashboardTests/Info.plist;
				LD_RUNPATH_SEARCH_PATHS = "$(inherited) @executable_path/Frameworks @loader_path/Frameworks";
				PRODUCT_BUNDLE_IDENTIFIER = com.usabilla.dashboard.UsabillaDashboardTests;
				PRODUCT_NAME = "$(TARGET_NAME)";
				TEST_HOST = "$(BUILT_PRODUCTS_DIR)/UsabillaDashboard.app/UsabillaDashboard";
			};
			name = Release;
		};
/* End XCBuildConfiguration section */

/* Begin XCConfigurationList section */
		CD7E7D8A1DE07BDD00A76692 /* Build configuration list for PBXProject "UsabillaDashboard" */ = {
			isa = XCConfigurationList;
			buildConfigurations = (
				CD7E7DAF1DE07BDD00A76692 /* Debug */,
				CD7E7DB01DE07BDD00A76692 /* Release */,
			);
			defaultConfigurationIsVisible = 0;
			defaultConfigurationName = Release;
		};
		CD7E7DB11DE07BDD00A76692 /* Build configuration list for PBXNativeTarget "UsabillaDashboard" */ = {
			isa = XCConfigurationList;
			buildConfigurations = (
				CD7E7DB21DE07BDD00A76692 /* Debug */,
				CD7E7DB31DE07BDD00A76692 /* Release */,
			);
			defaultConfigurationIsVisible = 0;
			defaultConfigurationName = Release;
		};
		CD7E7DB41DE07BDD00A76692 /* Build configuration list for PBXNativeTarget "UsabillaDashboardTests" */ = {
			isa = XCConfigurationList;
			buildConfigurations = (
				CD7E7DB51DE07BDD00A76692 /* Debug */,
				CD7E7DB61DE07BDD00A76692 /* Release */,
			);
			defaultConfigurationIsVisible = 0;
			defaultConfigurationName = Release;
		};
/* End XCConfigurationList section */
	};
	rootObject = CD7E7D871DE07BDD00A76692 /* Project object */;
}
